
Microsoft Visual Studio Solution File, Format Version 12.00
# Visual Studio 15
Project("{FAE04EC0-301F-11D3-BF4B-00C04F79EFBC}") = "UnityEngine.UI", "UnityEngine.UI.csproj", "{4FAD988C-B5F3-4BD9-5509-D4720490AC27}"
EndProject
Project("{FAE04EC0-301F-11D3-BF4B-00C04F79EFBC}") = "UnityEngine.TestRunner", "UnityEngine.TestRunner.csproj", "{94A764AA-7F6C-4E89-6BA8-AA0882C6C648}"
EndProject
Project("{FAE04EC0-301F-11D3-BF4B-00C04F79EFBC}") = "Unity.Mathematics", "Unity.Mathematics.csproj", "{A1B76792-E7E9-E346-7AF8-63BDCDAB8E1E}"
EndProject
Project("{FAE04EC0-301F-11D3-BF4B-00C04F79EFBC}") = "Unity.InputSystem", "Unity.InputSystem.csproj", "{7A57C598-DD56-AA2A-9FFF-2C907668F89B}"
EndProject
Project("{FAE04EC0-301F-11D3-BF4B-00C04F79EFBC}") = "Unity.2D.Animation.Triangle.Runtime", "Unity.2D.Animation.Triangle.Runtime.csproj", "{6504E228-F627-FB23-E13D-0C295365D5B8}"
EndProject
Project("{FAE04EC0-301F-11D3-BF4B-00C04F79EFBC}") = "Unity.Timeline", "Unity.Timeline.csproj", "{885C5E4A-5F59-CD96-B428-EDB439F9F093}"
EndProject
Project("{FAE04EC0-301F-11D3-BF4B-00C04F79EFBC}") = "Unity.TextMeshPro", "Unity.TextMeshPro.csproj", "{896EBCE7-4250-76FA-69A9-278B1259F988}"
EndProject
Project("{FAE04EC0-301F-11D3-BF4B-00C04F79EFBC}") = "Unity.2D.Animation.Runtime", "Unity.2D.Animation.Runtime.csproj", "{9A87478E-612A-0542-51F7-91F123A51297}"
EndProject
Project("{FAE04EC0-301F-11D3-BF4B-00C04F79EFBC}") = "Assembly-CSharp", "Assembly-CSharp.csproj", "{9005946E-B70D-F228-17EE-8674EE0DCB7E}"
EndProject
Project("{FAE04EC0-301F-11D3-BF4B-00C04F79EFBC}") = "Unity.2D.IK.Runtime", "Unity.2D.IK.Runtime.csproj", "{CE9B5E69-69D2-DB30-1713-02AC999572D8}"
EndProject
Project("{FAE04EC0-301F-11D3-BF4B-00C04F79EFBC}") = "Unity.Notifications.Android", "Unity.Notifications.Android.csproj", "{F030F189-8A6F-4B30-2B28-E99E66F91BB7}"
EndProject
Project("{FAE04EC0-301F-11D3-BF4B-00C04F79EFBC}") = "Unity.2D.SpriteShape.Runtime", "Unity.2D.SpriteShape.Runtime.csproj", "{7E0E609B-6456-122A-B5CC-EE46A35E72A8}"
EndProject
Project("{FAE04EC0-301F-11D3-BF4B-00C04F79EFBC}") = "Unity.Notifications.iOS", "Unity.Notifications.iOS.csproj", "{862C8E7F-52E1-26CD-2711-97E15DF81534}"
EndProject
Project("{FAE04EC0-301F-11D3-BF4B-00C04F79EFBC}") = "Unity.2D.PixelPerfect", "Unity.2D.PixelPerfect.csproj", "{0F75B391-D0AF-2B78-0464-65EFE4BC94E8}"
EndProject
Project("{FAE04EC0-301F-11D3-BF4B-00C04F79EFBC}") = "Unity.2D.Common.Runtime", "Unity.2D.Common.Runtime.csproj", "{EF28B955-2830-9C28-345F-0ACFE86601A8}"
EndProject
Project("{FAE04EC0-301F-11D3-BF4B-00C04F79EFBC}") = "Unity.InternalAPIEngineBridge.001", "Unity.InternalAPIEngineBridge.001.csproj", "{097263AF-14BC-11FB-EBD5-3C1CF40FF1DD}"
EndProject
Project("{FAE04EC0-301F-11D3-BF4B-00C04F79EFBC}") = "Cinemachine", "Cinemachine.csproj", "{FEAF80DF-6062-F135-A5F5-96578AD832C1}"
EndProject
Project("{FAE04EC0-301F-11D3-BF4B-00C04F79EFBC}") = "Unity.Timeline.Editor", "Unity.Timeline.Editor.csproj", "{C610082E-1CCB-02F6-73FF-3DFE69E3786C}"
EndProject
Project("{FAE04EC0-301F-11D3-BF4B-00C04F79EFBC}") = "Unity.TextMeshPro.Editor", "Unity.TextMeshPro.Editor.csproj", "{D36BC2DD-994B-6838-7725-38FDB1F1102E}"
EndProject
Project("{FAE04EC0-301F-11D3-BF4B-00C04F79EFBC}") = "Unity.2D.Animation.Editor", "Unity.2D.Animation.Editor.csproj", "{12E9EEEC-9172-8715-9BF8-6B789216F001}"
EndProject
Project("{FAE04EC0-301F-11D3-BF4B-00C04F79EFBC}") = "UnityEditor.TestRunner", "UnityEditor.TestRunner.csproj", "{9FB1B4DA-8BA7-A906-8177-06C688B9D20A}"
EndProject
Project("{FAE04EC0-301F-11D3-BF4B-00C04F79EFBC}") = "Unity.PlasticSCM.Editor", "Unity.PlasticSCM.Editor.csproj", "{2319AE39-06C2-48DC-5A48-E63DCD9917B7}"
EndProject
Project("{FAE04EC0-301F-11D3-BF4B-00C04F79EFBC}") = "UnityEditor.UI", "UnityEditor.UI.csproj", "{3E335F3A-093F-A6FA-C54E-56CB2B1C3B2E}"
EndProject
Project("{FAE04EC0-301F-11D3-BF4B-00C04F79EFBC}") = "Unity.VisualStudio.Editor", "Unity.VisualStudio.Editor.csproj", "{7A6FA53E-B557-3E7F-DF08-5577A0A54877}"
EndProject
Project("{FAE04EC0-301F-11D3-BF4B-00C04F79EFBC}") = "Unity.2D.Psdimporter.Editor", "Unity.2D.Psdimporter.Editor.csproj", "{9EDC5E4A-F733-B395-4295-8D2C4592A968}"
EndProject
Project("{FAE04EC0-301F-11D3-BF4B-00C04F79EFBC}") = "Unity.2D.SpriteShape.Editor", "Unity.2D.SpriteShape.Editor.csproj", "{7AB30274-B61D-8804-7D43-B29572661C5D}"
EndProject
Project("{FAE04EC0-301F-11D3-BF4B-00C04F79EFBC}") = "Unity.CollabProxy.Editor", "Unity.CollabProxy.Editor.csproj", "{1C5909A3-9AC8-12B2-C95F-761F328DE19E}"
EndProject
Project("{FAE04EC0-301F-11D3-BF4B-00C04F79EFBC}") = "PsdPlugin", "PsdPlugin.csproj", "{DE9175F5-4E51-AF99-1177-FBF1AABC9CB3}"
EndProject
Project("{FAE04EC0-301F-11D3-BF4B-00C04F79EFBC}") = "Unity.2D.Path.Editor", "Unity.2D.Path.Editor.csproj", "{13E894C3-C291-9681-97D6-87B595FEB5F8}"
EndProject
Project("{FAE04EC0-301F-11D3-BF4B-00C04F79EFBC}") = "Unity.Mobile.AndroidLogcat.Editor", "Unity.Mobile.AndroidLogcat.Editor.csproj", "{6C3A42C9-BC9B-47C7-FD6D-0DCB88C4E74E}"
EndProject
Project("{FAE04EC0-301F-11D3-BF4B-00C04F79EFBC}") = "Unity.Rider.Editor", "Unity.Rider.Editor.csproj", "{9714F32A-E886-E16B-F091-D9B14B31148E}"
EndProject
Project("{FAE04EC0-301F-11D3-BF4B-00C04F79EFBC}") = "Unity.2D.IK.Editor", "Unity.2D.IK.Editor.csproj", "{207457AE-4AFC-F3CF-3E09-BA44B6FCCFFE}"
EndProject
Project("{FAE04EC0-301F-11D3-BF4B-00C04F79EFBC}") = "Unity.2D.Sprite.Editor", "Unity.2D.Sprite.Editor.csproj", "{25EE568B-4AB0-AC7F-296A-79629D833AE9}"
EndProject
Project("{FAE04EC0-301F-11D3-BF4B-00C04F79EFBC}") = "Unity.2D.Tilemap.Editor", "Unity.2D.Tilemap.Editor.csproj", "{0EF0A8A2-62A3-53FF-3059-53B902D2034C}"
EndProject
Project("{FAE04EC0-301F-11D3-BF4B-00C04F79EFBC}") = "Unity.2D.PixelPerfect.Editor", "Unity.2D.PixelPerfect.Editor.csproj", "{6BB6C06B-E616-ACC4-97A8-5D7B7AB514A4}"
EndProject
Project("{FAE04EC0-301F-11D3-BF4B-00C04F79EFBC}") = "Unity.VSCode.Editor", "Unity.VSCode.Editor.csproj", "{F9CB5866-2C7F-728D-CA77-0D88721BEDC1}"
EndProject
Project("{FAE04EC0-301F-11D3-BF4B-00C04F79EFBC}") = "Unity.Notifications", "Unity.Notifications.csproj", "{7D9A112F-9FDB-9920-8332-85981CD3F793}"
EndProject
Project("{FAE04EC0-301F-11D3-BF4B-00C04F79EFBC}") = "Unity.2D.Common.Editor", "Unity.2D.Common.Editor.csproj", "{5243CC1B-CCC1-9C41-3BF1-C4C3EDD2EE81}"
EndProject
Project("{FAE04EC0-301F-11D3-BF4B-00C04F79EFBC}") = "Unity.Mathematics.Editor", "Unity.Mathematics.Editor.csproj", "{6DD0D14A-16C5-4112-CA72-BF2893AE4655}"
EndProject
Project("{FAE04EC0-301F-11D3-BF4B-00C04F79EFBC}") = "Assembly-CSharp-Editor", "Assembly-CSharp-Editor.csproj", "{831321AA-6A93-FC2F-C135-F1E26FCFF9DA}"
EndProject
Project("{FAE04EC0-301F-11D3-BF4B-00C04F79EFBC}") = "Unity.InternalAPIEditorBridge.001", "Unity.InternalAPIEditorBridge.001.csproj", "{F7E53BA2-714E-84C6-1BD7-ADD03B008EA2}"
EndProject
Project("{FAE04EC0-301F-11D3-BF4B-00C04F79EFBC}") = "com.unity.cinemachine.editor", "com.unity.cinemachine.editor.csproj", "{B074AF2F-236A-D004-EE53-4CE08353025B}"
EndProject
Project("{FAE04EC0-301F-11D3-BF4B-00C04F79EFBC}") = "UnityEngine.UI", "UnityEngine.UI.Player.csproj", "{8D53D542-CE0C-DFD2-0038-9701DD24EC5F}"
EndProject
Project("{FAE04EC0-301F-11D3-BF4B-00C04F79EFBC}") = "UnityEngine.TestRunner", "UnityEngine.TestRunner.Player.csproj", "{73B00F57-77E3-1B91-4F0C-D7908A9AF8C7}"
EndProject
Project("{FAE04EC0-301F-11D3-BF4B-00C04F79EFBC}") = "Unity.Mathematics", "Unity.Mathematics.Player.csproj", "{6D91F870-0D9B-418E-38FA-91FDBBAA022F}"
EndProject
Project("{FAE04EC0-301F-11D3-BF4B-00C04F79EFBC}") = "Unity.InputSystem", "Unity.InputSystem.Player.csproj", "{82D1D339-3A22-60FD-C16C-0B2C4B52E9BC}"
EndProject
Project("{FAE04EC0-301F-11D3-BF4B-00C04F79EFBC}") = "Unity.2D.Animation.Triangle.Runtime", "Unity.2D.Animation.Triangle.Runtime.Player.csproj", "{CC5EB76B-80C1-38E5-F0F0-1F0C4466026E}"
EndProject
Project("{FAE04EC0-301F-11D3-BF4B-00C04F79EFBC}") = "Unity.Timeline", "Unity.Timeline.Player.csproj", "{E690A14E-0090-826C-0821-6F151C48CE1A}"
EndProject
Project("{FAE04EC0-301F-11D3-BF4B-00C04F79EFBC}") = "Unity.TextMeshPro", "Unity.TextMeshPro.Player.csproj", "{D325BAA8-9403-464C-B7C3-D4ADBA3929D5}"
EndProject
Project("{FAE04EC0-301F-11D3-BF4B-00C04F79EFBC}") = "Unity.2D.Animation.Runtime", "Unity.2D.Animation.Runtime.Player.csproj", "{EA43DB83-9186-0DE6-7A86-86151964BC48}"
EndProject
Project("{FAE04EC0-301F-11D3-BF4B-00C04F79EFBC}") = "Assembly-CSharp", "Assembly-CSharp.Player.csproj", "{92EBB6E7-42AE-266F-F000-19467948B4DE}"
EndProject
Project("{FAE04EC0-301F-11D3-BF4B-00C04F79EFBC}") = "Unity.2D.IK.Runtime", "Unity.2D.IK.Runtime.Player.csproj", "{4C75D5E6-1CD8-A7EC-459F-303FB228FC0C}"
EndProject
Project("{FAE04EC0-301F-11D3-BF4B-00C04F79EFBC}") = "Unity.Notifications.Android", "Unity.Notifications.Android.Player.csproj", "{818B8890-14A7-C1F2-289F-5AA8C3905DAD}"
EndProject
Project("{FAE04EC0-301F-11D3-BF4B-00C04F79EFBC}") = "Unity.2D.SpriteShape.Runtime", "Unity.2D.SpriteShape.Runtime.Player.csproj", "{B4CDCE4A-F120-BC95-A91F-B66C2B354F58}"
EndProject
Project("{FAE04EC0-301F-11D3-BF4B-00C04F79EFBC}") = "Unity.2D.PixelPerfect", "Unity.2D.PixelPerfect.Player.csproj", "{56F3D64E-467C-E185-DE31-2C763B5AA288}"
EndProject
Project("{FAE04EC0-301F-11D3-BF4B-00C04F79EFBC}") = "Unity.2D.Common.Runtime", "Unity.2D.Common.Runtime.Player.csproj", "{2583E3F9-FA30-9853-136E-94FE298527F1}"
EndProject
Project("{FAE04EC0-301F-11D3-BF4B-00C04F79EFBC}") = "Unity.InternalAPIEngineBridge.001", "Unity.InternalAPIEngineBridge.001.Player.csproj", "{0772D3A3-FDD0-AF0B-7AC6-A5E32D66BCB6}"
EndProject
Project("{FAE04EC0-301F-11D3-BF4B-00C04F79EFBC}") = "Cinemachine", "Cinemachine.Player.csproj", "{5F0D5FC4-E7A1-F278-7BF7-C3A5E50B29F2}"
EndProject
Global
	GlobalSection(SolutionConfigurationPlatforms) = preSolution
		Debug|Any CPU = Debug|Any CPU
		Release|Any CPU = Release|Any CPU
	EndGlobalSection
	GlobalSection(ProjectConfigurationPlatforms) = postSolution
		{4FAD988C-B5F3-4BD9-5509-D4720490AC27}.Debug|Any CPU.ActiveCfg = Debug|Any CPU
		{4FAD988C-B5F3-4BD9-5509-D4720490AC27}.Debug|Any CPU.Build.0 = Debug|Any CPU
		{4FAD988C-B5F3-4BD9-5509-D4720490AC27}.Release|Any CPU.ActiveCfg = Release|Any CPU
		{4FAD988C-B5F3-4BD9-5509-D4720490AC27}.Release|Any CPU.Build.0 = Release|Any CPU
		{94A764AA-7F6C-4E89-6BA8-AA0882C6C648}.Debug|Any CPU.ActiveCfg = Debug|Any CPU
		{94A764AA-7F6C-4E89-6BA8-AA0882C6C648}.Debug|Any CPU.Build.0 = Debug|Any CPU
		{94A764AA-7F6C-4E89-6BA8-AA0882C6C648}.Release|Any CPU.ActiveCfg = Release|Any CPU
		{94A764AA-7F6C-4E89-6BA8-AA0882C6C648}.Release|Any CPU.Build.0 = Release|Any CPU
		{A1B76792-E7E9-E346-7AF8-63BDCDAB8E1E}.Debug|Any CPU.ActiveCfg = Debug|Any CPU
		{A1B76792-E7E9-E346-7AF8-63BDCDAB8E1E}.Debug|Any CPU.Build.0 = Debug|Any CPU
		{A1B76792-E7E9-E346-7AF8-63BDCDAB8E1E}.Release|Any CPU.ActiveCfg = Release|Any CPU
		{A1B76792-E7E9-E346-7AF8-63BDCDAB8E1E}.Release|Any CPU.Build.0 = Release|Any CPU
		{7A57C598-DD56-AA2A-9FFF-2C907668F89B}.Debug|Any CPU.ActiveCfg = Debug|Any CPU
		{7A57C598-DD56-AA2A-9FFF-2C907668F89B}.Debug|Any CPU.Build.0 = Debug|Any CPU
		{7A57C598-DD56-AA2A-9FFF-2C907668F89B}.Release|Any CPU.ActiveCfg = Release|Any CPU
		{7A57C598-DD56-AA2A-9FFF-2C907668F89B}.Release|Any CPU.Build.0 = Release|Any CPU
		{6504E228-F627-FB23-E13D-0C295365D5B8}.Debug|Any CPU.ActiveCfg = Debug|Any CPU
		{6504E228-F627-FB23-E13D-0C295365D5B8}.Debug|Any CPU.Build.0 = Debug|Any CPU
		{6504E228-F627-FB23-E13D-0C295365D5B8}.Release|Any CPU.ActiveCfg = Release|Any CPU
		{6504E228-F627-FB23-E13D-0C295365D5B8}.Release|Any CPU.Build.0 = Release|Any CPU
		{885C5E4A-5F59-CD96-B428-EDB439F9F093}.Debug|Any CPU.ActiveCfg = Debug|Any CPU
		{885C5E4A-5F59-CD96-B428-EDB439F9F093}.Debug|Any CPU.Build.0 = Debug|Any CPU
		{885C5E4A-5F59-CD96-B428-EDB439F9F093}.Release|Any CPU.ActiveCfg = Release|Any CPU
		{885C5E4A-5F59-CD96-B428-EDB439F9F093}.Release|Any CPU.Build.0 = Release|Any CPU
		{896EBCE7-4250-76FA-69A9-278B1259F988}.Debug|Any CPU.ActiveCfg = Debug|Any CPU
		{896EBCE7-4250-76FA-69A9-278B1259F988}.Debug|Any CPU.Build.0 = Debug|Any CPU
		{896EBCE7-4250-76FA-69A9-278B1259F988}.Release|Any CPU.ActiveCfg = Release|Any CPU
		{896EBCE7-4250-76FA-69A9-278B1259F988}.Release|Any CPU.Build.0 = Release|Any CPU
		{9A87478E-612A-0542-51F7-91F123A51297}.Debug|Any CPU.ActiveCfg = Debug|Any CPU
		{9A87478E-612A-0542-51F7-91F123A51297}.Debug|Any CPU.Build.0 = Debug|Any CPU
		{9A87478E-612A-0542-51F7-91F123A51297}.Release|Any CPU.ActiveCfg = Release|Any CPU
		{9A87478E-612A-0542-51F7-91F123A51297}.Release|Any CPU.Build.0 = Release|Any CPU
		{9005946E-B70D-F228-17EE-8674EE0DCB7E}.Debug|Any CPU.ActiveCfg = Debug|Any CPU
		{9005946E-B70D-F228-17EE-8674EE0DCB7E}.Debug|Any CPU.Build.0 = Debug|Any CPU
		{9005946E-B70D-F228-17EE-8674EE0DCB7E}.Release|Any CPU.ActiveCfg = Release|Any CPU
		{9005946E-B70D-F228-17EE-8674EE0DCB7E}.Release|Any CPU.Build.0 = Release|Any CPU
		{CE9B5E69-69D2-DB30-1713-02AC999572D8}.Debug|Any CPU.ActiveCfg = Debug|Any CPU
		{CE9B5E69-69D2-DB30-1713-02AC999572D8}.Debug|Any CPU.Build.0 = Debug|Any CPU
		{CE9B5E69-69D2-DB30-1713-02AC999572D8}.Release|Any CPU.ActiveCfg = Release|Any CPU
		{CE9B5E69-69D2-DB30-1713-02AC999572D8}.Release|Any CPU.Build.0 = Release|Any CPU
		{F030F189-8A6F-4B30-2B28-E99E66F91BB7}.Debug|Any CPU.ActiveCfg = Debug|Any CPU
		{F030F189-8A6F-4B30-2B28-E99E66F91BB7}.Debug|Any CPU.Build.0 = Debug|Any CPU
		{F030F189-8A6F-4B30-2B28-E99E66F91BB7}.Release|Any CPU.ActiveCfg = Release|Any CPU
		{F030F189-8A6F-4B30-2B28-E99E66F91BB7}.Release|Any CPU.Build.0 = Release|Any CPU
		{7E0E609B-6456-122A-B5CC-EE46A35E72A8}.Debug|Any CPU.ActiveCfg = Debug|Any CPU
		{7E0E609B-6456-122A-B5CC-EE46A35E72A8}.Debug|Any CPU.Build.0 = Debug|Any CPU
		{7E0E609B-6456-122A-B5CC-EE46A35E72A8}.Release|Any CPU.ActiveCfg = Release|Any CPU
		{7E0E609B-6456-122A-B5CC-EE46A35E72A8}.Release|Any CPU.Build.0 = Release|Any CPU
		{862C8E7F-52E1-26CD-2711-97E15DF81534}.Debug|Any CPU.ActiveCfg = Debug|Any CPU
		{862C8E7F-52E1-26CD-2711-97E15DF81534}.Debug|Any CPU.Build.0 = Debug|Any CPU
		{862C8E7F-52E1-26CD-2711-97E15DF81534}.Release|Any CPU.ActiveCfg = Release|Any CPU
		{862C8E7F-52E1-26CD-2711-97E15DF81534}.Release|Any CPU.Build.0 = Release|Any CPU
		{0F75B391-D0AF-2B78-0464-65EFE4BC94E8}.Debug|Any CPU.ActiveCfg = Debug|Any CPU
		{0F75B391-D0AF-2B78-0464-65EFE4BC94E8}.Debug|Any CPU.Build.0 = Debug|Any CPU
		{0F75B391-D0AF-2B78-0464-65EFE4BC94E8}.Release|Any CPU.ActiveCfg = Release|Any CPU
		{0F75B391-D0AF-2B78-0464-65EFE4BC94E8}.Release|Any CPU.Build.0 = Release|Any CPU
		{EF28B955-2830-9C28-345F-0ACFE86601A8}.Debug|Any CPU.ActiveCfg = Debug|Any CPU
		{EF28B955-2830-9C28-345F-0ACFE86601A8}.Debug|Any CPU.Build.0 = Debug|Any CPU
		{EF28B955-2830-9C28-345F-0ACFE86601A8}.Release|Any CPU.ActiveCfg = Release|Any CPU
		{EF28B955-2830-9C28-345F-0ACFE86601A8}.Release|Any CPU.Build.0 = Release|Any CPU
		{097263AF-14BC-11FB-EBD5-3C1CF40FF1DD}.Debug|Any CPU.ActiveCfg = Debug|Any CPU
		{097263AF-14BC-11FB-EBD5-3C1CF40FF1DD}.Debug|Any CPU.Build.0 = Debug|Any CPU
		{097263AF-14BC-11FB-EBD5-3C1CF40FF1DD}.Release|Any CPU.ActiveCfg = Release|Any CPU
		{097263AF-14BC-11FB-EBD5-3C1CF40FF1DD}.Release|Any CPU.Build.0 = Release|Any CPU
		{FEAF80DF-6062-F135-A5F5-96578AD832C1}.Debug|Any CPU.ActiveCfg = Debug|Any CPU
		{FEAF80DF-6062-F135-A5F5-96578AD832C1}.Debug|Any CPU.Build.0 = Debug|Any CPU
		{FEAF80DF-6062-F135-A5F5-96578AD832C1}.Release|Any CPU.ActiveCfg = Release|Any CPU
		{FEAF80DF-6062-F135-A5F5-96578AD832C1}.Release|Any CPU.Build.0 = Release|Any CPU
		{C610082E-1CCB-02F6-73FF-3DFE69E3786C}.Debug|Any CPU.ActiveCfg = Debug|Any CPU
		{C610082E-1CCB-02F6-73FF-3DFE69E3786C}.Debug|Any CPU.Build.0 = Debug|Any CPU
		{C610082E-1CCB-02F6-73FF-3DFE69E3786C}.Release|Any CPU.ActiveCfg = Release|Any CPU
		{C610082E-1CCB-02F6-73FF-3DFE69E3786C}.Release|Any CPU.Build.0 = Release|Any CPU
		{D36BC2DD-994B-6838-7725-38FDB1F1102E}.Debug|Any CPU.ActiveCfg = Debug|Any CPU
		{D36BC2DD-994B-6838-7725-38FDB1F1102E}.Debug|Any CPU.Build.0 = Debug|Any CPU
		{D36BC2DD-994B-6838-7725-38FDB1F1102E}.Release|Any CPU.ActiveCfg = Release|Any CPU
		{D36BC2DD-994B-6838-7725-38FDB1F1102E}.Release|Any CPU.Build.0 = Release|Any CPU
		{12E9EEEC-9172-8715-9BF8-6B789216F001}.Debug|Any CPU.ActiveCfg = Debug|Any CPU
		{12E9EEEC-9172-8715-9BF8-6B789216F001}.Debug|Any CPU.Build.0 = Debug|Any CPU
		{12E9EEEC-9172-8715-9BF8-6B789216F001}.Release|Any CPU.ActiveCfg = Release|Any CPU
		{12E9EEEC-9172-8715-9BF8-6B789216F001}.Release|Any CPU.Build.0 = Release|Any CPU
		{9FB1B4DA-8BA7-A906-8177-06C688B9D20A}.Debug|Any CPU.ActiveCfg = Debug|Any CPU
		{9FB1B4DA-8BA7-A906-8177-06C688B9D20A}.Debug|Any CPU.Build.0 = Debug|Any CPU
		{9FB1B4DA-8BA7-A906-8177-06C688B9D20A}.Release|Any CPU.ActiveCfg = Release|Any CPU
		{9FB1B4DA-8BA7-A906-8177-06C688B9D20A}.Release|Any CPU.Build.0 = Release|Any CPU
		{2319AE39-06C2-48DC-5A48-E63DCD9917B7}.Debug|Any CPU.ActiveCfg = Debug|Any CPU
		{2319AE39-06C2-48DC-5A48-E63DCD9917B7}.Debug|Any CPU.Build.0 = Debug|Any CPU
		{2319AE39-06C2-48DC-5A48-E63DCD9917B7}.Release|Any CPU.ActiveCfg = Release|Any CPU
		{2319AE39-06C2-48DC-5A48-E63DCD9917B7}.Release|Any CPU.Build.0 = Release|Any CPU
		{3E335F3A-093F-A6FA-C54E-56CB2B1C3B2E}.Debug|Any CPU.ActiveCfg = Debug|Any CPU
		{3E335F3A-093F-A6FA-C54E-56CB2B1C3B2E}.Debug|Any CPU.Build.0 = Debug|Any CPU
		{3E335F3A-093F-A6FA-C54E-56CB2B1C3B2E}.Release|Any CPU.ActiveCfg = Release|Any CPU
		{3E335F3A-093F-A6FA-C54E-56CB2B1C3B2E}.Release|Any CPU.Build.0 = Release|Any CPU
		{7A6FA53E-B557-3E7F-DF08-5577A0A54877}.Debug|Any CPU.ActiveCfg = Debug|Any CPU
		{7A6FA53E-B557-3E7F-DF08-5577A0A54877}.Debug|Any CPU.Build.0 = Debug|Any CPU
		{7A6FA53E-B557-3E7F-DF08-5577A0A54877}.Release|Any CPU.ActiveCfg = Release|Any CPU
		{7A6FA53E-B557-3E7F-DF08-5577A0A54877}.Release|Any CPU.Build.0 = Release|Any CPU
		{9EDC5E4A-F733-B395-4295-8D2C4592A968}.Debug|Any CPU.ActiveCfg = Debug|Any CPU
		{9EDC5E4A-F733-B395-4295-8D2C4592A968}.Debug|Any CPU.Build.0 = Debug|Any CPU
		{9EDC5E4A-F733-B395-4295-8D2C4592A968}.Release|Any CPU.ActiveCfg = Release|Any CPU
		{9EDC5E4A-F733-B395-4295-8D2C4592A968}.Release|Any CPU.Build.0 = Release|Any CPU
		{7AB30274-B61D-8804-7D43-B29572661C5D}.Debug|Any CPU.ActiveCfg = Debug|Any CPU
		{7AB30274-B61D-8804-7D43-B29572661C5D}.Debug|Any CPU.Build.0 = Debug|Any CPU
		{7AB30274-B61D-8804-7D43-B29572661C5D}.Release|Any CPU.ActiveCfg = Release|Any CPU
		{7AB30274-B61D-8804-7D43-B29572661C5D}.Release|Any CPU.Build.0 = Release|Any CPU
		{1C5909A3-9AC8-12B2-C95F-761F328DE19E}.Debug|Any CPU.ActiveCfg = Debug|Any CPU
		{1C5909A3-9AC8-12B2-C95F-761F328DE19E}.Debug|Any CPU.Build.0 = Debug|Any CPU
		{1C5909A3-9AC8-12B2-C95F-761F328DE19E}.Release|Any CPU.ActiveCfg = Release|Any CPU
		{1C5909A3-9AC8-12B2-C95F-761F328DE19E}.Release|Any CPU.Build.0 = Release|Any CPU
		{DE9175F5-4E51-AF99-1177-FBF1AABC9CB3}.Debug|Any CPU.ActiveCfg = Debug|Any CPU
		{DE9175F5-4E51-AF99-1177-FBF1AABC9CB3}.Debug|Any CPU.Build.0 = Debug|Any CPU
		{DE9175F5-4E51-AF99-1177-FBF1AABC9CB3}.Release|Any CPU.ActiveCfg = Release|Any CPU
		{DE9175F5-4E51-AF99-1177-FBF1AABC9CB3}.Release|Any CPU.Build.0 = Release|Any CPU
		{13E894C3-C291-9681-97D6-87B595FEB5F8}.Debug|Any CPU.ActiveCfg = Debug|Any CPU
		{13E894C3-C291-9681-97D6-87B595FEB5F8}.Debug|Any CPU.Build.0 = Debug|Any CPU
		{13E894C3-C291-9681-97D6-87B595FEB5F8}.Release|Any CPU.ActiveCfg = Release|Any CPU
		{13E894C3-C291-9681-97D6-87B595FEB5F8}.Release|Any CPU.Build.0 = Release|Any CPU
		{6C3A42C9-BC9B-47C7-FD6D-0DCB88C4E74E}.Debug|Any CPU.ActiveCfg = Debug|Any CPU
		{6C3A42C9-BC9B-47C7-FD6D-0DCB88C4E74E}.Debug|Any CPU.Build.0 = Debug|Any CPU
		{6C3A42C9-BC9B-47C7-FD6D-0DCB88C4E74E}.Release|Any CPU.ActiveCfg = Release|Any CPU
		{6C3A42C9-BC9B-47C7-FD6D-0DCB88C4E74E}.Release|Any CPU.Build.0 = Release|Any CPU
		{9714F32A-E886-E16B-F091-D9B14B31148E}.Debug|Any CPU.ActiveCfg = Debug|Any CPU
		{9714F32A-E886-E16B-F091-D9B14B31148E}.Debug|Any CPU.Build.0 = Debug|Any CPU
		{9714F32A-E886-E16B-F091-D9B14B31148E}.Release|Any CPU.ActiveCfg = Release|Any CPU
		{9714F32A-E886-E16B-F091-D9B14B31148E}.Release|Any CPU.Build.0 = Release|Any CPU
		{207457AE-4AFC-F3CF-3E09-BA44B6FCCFFE}.Debug|Any CPU.ActiveCfg = Debug|Any CPU
		{207457AE-4AFC-F3CF-3E09-BA44B6FCCFFE}.Debug|Any CPU.Build.0 = Debug|Any CPU
		{207457AE-4AFC-F3CF-3E09-BA44B6FCCFFE}.Release|Any CPU.ActiveCfg = Release|Any CPU
		{207457AE-4AFC-F3CF-3E09-BA44B6FCCFFE}.Release|Any CPU.Build.0 = Release|Any CPU
		{25EE568B-4AB0-AC7F-296A-79629D833AE9}.Debug|Any CPU.ActiveCfg = Debug|Any CPU
		{25EE568B-4AB0-AC7F-296A-79629D833AE9}.Debug|Any CPU.Build.0 = Debug|Any CPU
		{25EE568B-4AB0-AC7F-296A-79629D833AE9}.Release|Any CPU.ActiveCfg = Release|Any CPU
		{25EE568B-4AB0-AC7F-296A-79629D833AE9}.Release|Any CPU.Build.0 = Release|Any CPU
		{0EF0A8A2-62A3-53FF-3059-53B902D2034C}.Debug|Any CPU.ActiveCfg = Debug|Any CPU
		{0EF0A8A2-62A3-53FF-3059-53B902D2034C}.Debug|Any CPU.Build.0 = Debug|Any CPU
		{0EF0A8A2-62A3-53FF-3059-53B902D2034C}.Release|Any CPU.ActiveCfg = Release|Any CPU
		{0EF0A8A2-62A3-53FF-3059-53B902D2034C}.Release|Any CPU.Build.0 = Release|Any CPU
		{6BB6C06B-E616-ACC4-97A8-5D7B7AB514A4}.Debug|Any CPU.ActiveCfg = Debug|Any CPU
		{6BB6C06B-E616-ACC4-97A8-5D7B7AB514A4}.Debug|Any CPU.Build.0 = Debug|Any CPU
		{6BB6C06B-E616-ACC4-97A8-5D7B7AB514A4}.Release|Any CPU.ActiveCfg = Release|Any CPU
		{6BB6C06B-E616-ACC4-97A8-5D7B7AB514A4}.Release|Any CPU.Build.0 = Release|Any CPU
		{F9CB5866-2C7F-728D-CA77-0D88721BEDC1}.Debug|Any CPU.ActiveCfg = Debug|Any CPU
		{F9CB5866-2C7F-728D-CA77-0D88721BEDC1}.Debug|Any CPU.Build.0 = Debug|Any CPU
		{F9CB5866-2C7F-728D-CA77-0D88721BEDC1}.Release|Any CPU.ActiveCfg = Release|Any CPU
		{F9CB5866-2C7F-728D-CA77-0D88721BEDC1}.Release|Any CPU.Build.0 = Release|Any CPU
		{7D9A112F-9FDB-9920-8332-85981CD3F793}.Debug|Any CPU.ActiveCfg = Debug|Any CPU
		{7D9A112F-9FDB-9920-8332-85981CD3F793}.Debug|Any CPU.Build.0 = Debug|Any CPU
		{7D9A112F-9FDB-9920-8332-85981CD3F793}.Release|Any CPU.ActiveCfg = Release|Any CPU
		{7D9A112F-9FDB-9920-8332-85981CD3F793}.Release|Any CPU.Build.0 = Release|Any CPU
		{5243CC1B-CCC1-9C41-3BF1-C4C3EDD2EE81}.Debug|Any CPU.ActiveCfg = Debug|Any CPU
		{5243CC1B-CCC1-9C41-3BF1-C4C3EDD2EE81}.Debug|Any CPU.Build.0 = Debug|Any CPU
		{5243CC1B-CCC1-9C41-3BF1-C4C3EDD2EE81}.Release|Any CPU.ActiveCfg = Release|Any CPU
		{5243CC1B-CCC1-9C41-3BF1-C4C3EDD2EE81}.Release|Any CPU.Build.0 = Release|Any CPU
		{6DD0D14A-16C5-4112-CA72-BF2893AE4655}.Debug|Any CPU.ActiveCfg = Debug|Any CPU
		{6DD0D14A-16C5-4112-CA72-BF2893AE4655}.Debug|Any CPU.Build.0 = Debug|Any CPU
		{6DD0D14A-16C5-4112-CA72-BF2893AE4655}.Release|Any CPU.ActiveCfg = Release|Any CPU
		{6DD0D14A-16C5-4112-CA72-BF2893AE4655}.Release|Any CPU.Build.0 = Release|Any CPU
		{831321AA-6A93-FC2F-C135-F1E26FCFF9DA}.Debug|Any CPU.ActiveCfg = Debug|Any CPU
		{831321AA-6A93-FC2F-C135-F1E26FCFF9DA}.Debug|Any CPU.Build.0 = Debug|Any CPU
		{831321AA-6A93-FC2F-C135-F1E26FCFF9DA}.Release|Any CPU.ActiveCfg = Release|Any CPU
		{831321AA-6A93-FC2F-C135-F1E26FCFF9DA}.Release|Any CPU.Build.0 = Release|Any CPU
		{F7E53BA2-714E-84C6-1BD7-ADD03B008EA2}.Debug|Any CPU.ActiveCfg = Debug|Any CPU
		{F7E53BA2-714E-84C6-1BD7-ADD03B008EA2}.Debug|Any CPU.Build.0 = Debug|Any CPU
		{F7E53BA2-714E-84C6-1BD7-ADD03B008EA2}.Release|Any CPU.ActiveCfg = Release|Any CPU
		{F7E53BA2-714E-84C6-1BD7-ADD03B008EA2}.Release|Any CPU.Build.0 = Release|Any CPU
		{B074AF2F-236A-D004-EE53-4CE08353025B}.Debug|Any CPU.ActiveCfg = Debug|Any CPU
		{B074AF2F-236A-D004-EE53-4CE08353025B}.Debug|Any CPU.Build.0 = Debug|Any CPU
		{B074AF2F-236A-D004-EE53-4CE08353025B}.Release|Any CPU.ActiveCfg = Release|Any CPU
		{B074AF2F-236A-D004-EE53-4CE08353025B}.Release|Any CPU.Build.0 = Release|Any CPU
		{8D53D542-CE0C-DFD2-0038-9701DD24EC5F}.Debug|Any CPU.ActiveCfg = Debug|Any CPU
		{8D53D542-CE0C-DFD2-0038-9701DD24EC5F}.Debug|Any CPU.Build.0 = Debug|Any CPU
		{8D53D542-CE0C-DFD2-0038-9701DD24EC5F}.Release|Any CPU.ActiveCfg = Release|Any CPU
		{8D53D542-CE0C-DFD2-0038-9701DD24EC5F}.Release|Any CPU.Build.0 = Release|Any CPU
		{73B00F57-77E3-1B91-4F0C-D7908A9AF8C7}.Debug|Any CPU.ActiveCfg = Debug|Any CPU
		{73B00F57-77E3-1B91-4F0C-D7908A9AF8C7}.Debug|Any CPU.Build.0 = Debug|Any CPU
		{73B00F57-77E3-1B91-4F0C-D7908A9AF8C7}.Release|Any CPU.ActiveCfg = Release|Any CPU
		{73B00F57-77E3-1B91-4F0C-D7908A9AF8C7}.Release|Any CPU.Build.0 = Release|Any CPU
		{6D91F870-0D9B-418E-38FA-91FDBBAA022F}.Debug|Any CPU.ActiveCfg = Debug|Any CPU
		{6D91F870-0D9B-418E-38FA-91FDBBAA022F}.Debug|Any CPU.Build.0 = Debug|Any CPU
		{6D91F870-0D9B-418E-38FA-91FDBBAA022F}.Release|Any CPU.ActiveCfg = Release|Any CPU
		{6D91F870-0D9B-418E-38FA-91FDBBAA022F}.Release|Any CPU.Build.0 = Release|Any CPU
		{82D1D339-3A22-60FD-C16C-0B2C4B52E9BC}.Debug|Any CPU.ActiveCfg = Debug|Any CPU
		{82D1D339-3A22-60FD-C16C-0B2C4B52E9BC}.Debug|Any CPU.Build.0 = Debug|Any CPU
		{82D1D339-3A22-60FD-C16C-0B2C4B52E9BC}.Release|Any CPU.ActiveCfg = Release|Any CPU
		{82D1D339-3A22-60FD-C16C-0B2C4B52E9BC}.Release|Any CPU.Build.0 = Release|Any CPU
		{CC5EB76B-80C1-38E5-F0F0-1F0C4466026E}.Debug|Any CPU.ActiveCfg = Debug|Any CPU
		{CC5EB76B-80C1-38E5-F0F0-1F0C4466026E}.Debug|Any CPU.Build.0 = Debug|Any CPU
		{CC5EB76B-80C1-38E5-F0F0-1F0C4466026E}.Release|Any CPU.ActiveCfg = Release|Any CPU
		{CC5EB76B-80C1-38E5-F0F0-1F0C4466026E}.Release|Any CPU.Build.0 = Release|Any CPU
		{E690A14E-0090-826C-0821-6F151C48CE1A}.Debug|Any CPU.ActiveCfg = Debug|Any CPU
		{E690A14E-0090-826C-0821-6F151C48CE1A}.Debug|Any CPU.Build.0 = Debug|Any CPU
		{E690A14E-0090-826C-0821-6F151C48CE1A}.Release|Any CPU.ActiveCfg = Release|Any CPU
		{E690A14E-0090-826C-0821-6F151C48CE1A}.Release|Any CPU.Build.0 = Release|Any CPU
		{D325BAA8-9403-464C-B7C3-D4ADBA3929D5}.Debug|Any CPU.ActiveCfg = Debug|Any CPU
		{D325BAA8-9403-464C-B7C3-D4ADBA3929D5}.Debug|Any CPU.Build.0 = Debug|Any CPU
		{D325BAA8-9403-464C-B7C3-D4ADBA3929D5}.Release|Any CPU.ActiveCfg = Release|Any CPU
		{D325BAA8-9403-464C-B7C3-D4ADBA3929D5}.Release|Any CPU.Build.0 = Release|Any CPU
		{EA43DB83-9186-0DE6-7A86-86151964BC48}.Debug|Any CPU.ActiveCfg = Debug|Any CPU
		{EA43DB83-9186-0DE6-7A86-86151964BC48}.Debug|Any CPU.Build.0 = Debug|Any CPU
		{EA43DB83-9186-0DE6-7A86-86151964BC48}.Release|Any CPU.ActiveCfg = Release|Any CPU
		{EA43DB83-9186-0DE6-7A86-86151964BC48}.Release|Any CPU.Build.0 = Release|Any CPU
		{92EBB6E7-42AE-266F-F000-19467948B4DE}.Debug|Any CPU.ActiveCfg = Debug|Any CPU
		{92EBB6E7-42AE-266F-F000-19467948B4DE}.Debug|Any CPU.Build.0 = Debug|Any CPU
		{92EBB6E7-42AE-266F-F000-19467948B4DE}.Release|Any CPU.ActiveCfg = Release|Any CPU
		{92EBB6E7-42AE-266F-F000-19467948B4DE}.Release|Any CPU.Build.0 = Release|Any CPU
		{4C75D5E6-1CD8-A7EC-459F-303FB228FC0C}.Debug|Any CPU.ActiveCfg = Debug|Any CPU
		{4C75D5E6-1CD8-A7EC-459F-303FB228FC0C}.Debug|Any CPU.Build.0 = Debug|Any CPU
		{4C75D5E6-1CD8-A7EC-459F-303FB228FC0C}.Release|Any CPU.ActiveCfg = Release|Any CPU
		{4C75D5E6-1CD8-A7EC-459F-303FB228FC0C}.Release|Any CPU.Build.0 = Release|Any CPU
		{818B8890-14A7-C1F2-289F-5AA8C3905DAD}.Debug|Any CPU.ActiveCfg = Debug|Any CPU
		{818B8890-14A7-C1F2-289F-5AA8C3905DAD}.Debug|Any CPU.Build.0 = Debug|Any CPU
		{818B8890-14A7-C1F2-289F-5AA8C3905DAD}.Release|Any CPU.ActiveCfg = Release|Any CPU
		{818B8890-14A7-C1F2-289F-5AA8C3905DAD}.Release|Any CPU.Build.0 = Release|Any CPU
		{B4CDCE4A-F120-BC95-A91F-B66C2B354F58}.Debug|Any CPU.ActiveCfg = Debug|Any CPU
		{B4CDCE4A-F120-BC95-A91F-B66C2B354F58}.Debug|Any CPU.Build.0 = Debug|Any CPU
		{B4CDCE4A-F120-BC95-A91F-B66C2B354F58}.Release|Any CPU.ActiveCfg = Release|Any CPU
		{B4CDCE4A-F120-BC95-A91F-B66C2B354F58}.Release|Any CPU.Build.0 = Release|Any CPU
		{56F3D64E-467C-E185-DE31-2C763B5AA288}.Debug|Any CPU.ActiveCfg = Debug|Any CPU
		{56F3D64E-467C-E185-DE31-2C763B5AA288}.Debug|Any CPU.Build.0 = Debug|Any CPU
		{56F3D64E-467C-E185-DE31-2C763B5AA288}.Release|Any CPU.ActiveCfg = Release|Any CPU
		{56F3D64E-467C-E185-DE31-2C763B5AA288}.Release|Any CPU.Build.0 = Release|Any CPU
		{2583E3F9-FA30-9853-136E-94FE298527F1}.Debug|Any CPU.ActiveCfg = Debug|Any CPU
		{2583E3F9-FA30-9853-136E-94FE298527F1}.Debug|Any CPU.Build.0 = Debug|Any CPU
		{2583E3F9-FA30-9853-136E-94FE298527F1}.Release|Any CPU.ActiveCfg = Release|Any CPU
		{2583E3F9-FA30-9853-136E-94FE298527F1}.Release|Any CPU.Build.0 = Release|Any CPU
		{0772D3A3-FDD0-AF0B-7AC6-A5E32D66BCB6}.Debug|Any CPU.ActiveCfg = Debug|Any CPU
		{0772D3A3-FDD0-AF0B-7AC6-A5E32D66BCB6}.Debug|Any CPU.Build.0 = Debug|Any CPU
		{0772D3A3-FDD0-AF0B-7AC6-A5E32D66BCB6}.Release|Any CPU.ActiveCfg = Release|Any CPU
		{0772D3A3-FDD0-AF0B-7AC6-A5E32D66BCB6}.Release|Any CPU.Build.0 = Release|Any CPU
		{5F0D5FC4-E7A1-F278-7BF7-C3A5E50B29F2}.Debug|Any CPU.ActiveCfg = Debug|Any CPU
		{5F0D5FC4-E7A1-F278-7BF7-C3A5E50B29F2}.Debug|Any CPU.Build.0 = Debug|Any CPU
		{5F0D5FC4-E7A1-F278-7BF7-C3A5E50B29F2}.Release|Any CPU.ActiveCfg = Release|Any CPU
		{5F0D5FC4-E7A1-F278-7BF7-C3A5E50B29F2}.Release|Any CPU.Build.0 = Release|Any CPU
	EndGlobalSection
	GlobalSection(SolutionProperties) = preSolution
		HideSolutionNode = FALSE
	EndGlobalSection
EndGlobal
